github.com/Azure/azure-sdk-for-go v68.0.0+incompatible h1:fcYLmCpyNYRnvJbPerq7U0hS+6+I79yEDJBqVNcqUzU=
github.com/Azure/azure-sdk-for-go v68.0.0+incompatible/go.mod h1:9XXNKU+eRnpl9moKnB4QOLf1HestfXbmab5FXxiDBjc=
github.com/Azure/azure-sdk-for-go/sdk/azcore v1.6.1 h1:SEy2xmstIphdPwNBUi7uhvjyjhVKISfwjfOJmuy7kg4=
github.com/Azure/azure-sdk-for-go/sdk/azcore v1.6.1/go.mod h1:bjGvMhVMb+EEm3VRNQawDMUyMMjo+S5ewNjflkep/0Q=
github.com/Azure/azure-sdk-for-go/sdk/azcore v1.7.1 h1:/iHxaJhsFr0+xVFfbMr5vxz848jyiWuIEDhYq3y5odY=
github.com/Azure/azure-sdk-for-go/sdk/azcore v1.7.1/go.mod h1:bjGvMhVMb+EEm3VRNQawDMUyMMjo+S5ewNjflkep/0Q=
github.com/Azure/azure-sdk-for-go/sdk/azidentity v1.0.0 h1:Yoicul8bnVdQrhDMTHxdEckRGX01XvwXDHUT9zYZ3k0=
github.com/Azure/azure-sdk-for-go/sdk/data/azcosmos v0.3.5 h1:qS0Bp4do0cIvnuQgSGeO6ZCu/q/HlRKl4NPfv1eJ2p0=
github.com/Azure/azure-sdk-for-go/sdk/data/azcosmos v0.3.5/go.mod h1:Beh5cHIXJ0oWEDWk9lNFtuklCojLLQ5hl+LqSNTTs0I=
github.com/Azure/azure-sdk-for-go/sdk/data/azcosmos v0.3.6 h1:oBqQLSI1pZwGOdXJAoJJSzmff9tlfD4KroVfjQQmd0g=
github.com/Azure/azure-sdk-for-go/sdk/data/azcosmos v0.3.6/go.mod h1:Beh5cHIXJ0oWEDWk9lNFtuklCojLLQ5hl+LqSNTTs0I=
github.com/Azure/azure-sdk-for-go/sdk/internal v1.3.0 h1:sXr+ck84g/ZlZUOZiNELInmMgOsuGwdjjVkEIde0OtY=
github.com/Azure/azure-sdk-for-go/sdk/internal v1.3.0/go.mod h1:okt5dMMTOFjX/aovMlrjvvXoPMBVSPzk9185BT0+eZM=
github.com/AzureAD/microsoft-authentication-library-for-go v0.4.0 h1:WVsrXCnHlDDX8ls+tootqRE87/hL9S/g4ewig9RsD/c=
github.com/chiyoi/apricot/kitsune v0.2.0 h1:EB+Lt/l2B4WYzfs6InHWHjA9DOkRb6SIracM9gkekLc=
github.com/chiyoi/apricot/kitsune v0.2.0/go.mod h1:5ee2dqvok+9Ni17gKlRiPxqjHUaaje7gZEncy7/vRsA=
github.com/chiyoi/apricot/logs v0.1.1 h1:bSII/e/VavBsrIeanZ/fMv1aFYR2WtmezUaq2DavveM=
github.com/chiyoi/apricot/logs v0.1.1/go.mod h1:3WGyZnXDw1EFi1hBdUxVRlO3lNReHutK9iB8EIDMEOU=
github.com/chiyoi/apricot/neko v0.1.2 h1:SRKACQI9PrHEbHmQbiPQgdM6nCbxYKD2DJj6K/85ESY=
github.com/chiyoi/apricot/neko v0.1.2/go.mod h1:T9HLkqT0xPtTmuUiHXoZBFOfqS+F5fHnS//qX34wo/c=
github.com/chiyoi/apricot/neko v0.2.0 h1:G8xJhtrP+ccVJoXZOqkxmVCyHZ1PkQFX4eJTNQ92UC4=
github.com/chiyoi/apricot/neko v0.2.0/go.mod h1:T9HLkqT0xPtTmuUiHXoZBFOfqS+F5fHnS//qX34wo/c=
github.com/davecgh/go-spew v1.1.1 h1:vj9j/u1bqnvCEfJOwUhtlOARqs3+rkHYY13jYWTU97c=
github.com/golang-jwt/jwt v3.2.2+incompatible h1:IfV12K8xAKAnZqdXVzCZ+TOjboZ2keLg81eXfW3O+oY=
github.com/golang-jwt/jwt v3.2.2+incompatible/go.mod h1:8pz2t5EyA70fFQQSrl6XZXzqecmYZeUEB8OUGHkxJ+I=
github.com/google/uuid v1.3.0 h1:t6JiXgmwXMjEs8VusXIJk2BXHsn+wx8BZdTaoZ5fu7I=
github.com/google/uuid v1.3.0/go.mod h1:TIyPZe4MgqvfeYDBFedMoGGpEw/LqOeaOT+nhxU+yHo=
github.com/google/uuid v1.3.1 h1:KjJaJ9iWZ3jOFZIf1Lqf4laDRCasjl0BCmnEGxkdLb4=
github.com/google/uuid v1.3.1/go.mod h1:TIyPZe4MgqvfeYDBFedMoGGpEw/LqOeaOT+nhxU+yHo=
github.com/kylelemons/godebug v1.1.0 h1:RPNrshWIDI6G2gRW9EHilWtl7Z6Sb1BR0xunSBf0SNc=
github.com/pkg/browser v0.0.0-20210115035449-ce105d075bb4 h1:Qj1ukM4GlMWXNdMBuXcXfz/Kw9s1qm0CLY32QxuSImI=
github.com/pmezard/go-difflib v1.0.0 h1:4DBwDE0NGyQoBHbLQYPwSUPoCMWR5BEzIk/f1lZbAQM=
github.com/stretchr/testify v1.7.0 h1:nwc3DEeHmmLAfoZucVR881uASk0Mfjw8xYJ99tb5CcY=
golang.org/x/crypto v0.0.0-20220511200225-c6db032c6c88 h1:Tgea0cVUD0ivh5ADBX4WwuI12DUd2to3nCYe2eayMIw=
golang.org/x/net v0.8.0 h1:Zrh2ngAOFYneWTAIAPethzeaQLuHwhuBkuV6ZiRnUaQ=
golang.org/x/net v0.8.0/go.mod h1:QVkue5JL9kW//ek3r6jTKnTFis1tRmNAW2P1shuFdJc=
golang.org/x/net v0.14.0 h1:BONx9s002vGdD9umnlX1Po8vOZmrgH34qlHcD1MfK14=
golang.org/x/net v0.14.0/go.mod h1:PpSgVXXLK0OxS0F31C1/tv6XNguvCrnXIDrFMspZIUI=
golang.org/x/sys v0.6.0 h1:MVltZSvRTcU2ljQOhs94SXPftV6DCNnZViHeQps87pQ=
golang.org/x/text v0.8.0 h1:57P1ETyNKtuIjB4SRd15iJxuhj8Gc416Y78H3qgMh68=
golang.org/x/text v0.8.0/go.mod h1:e1OnstbJyHTd6l/uOt8jFFHp6TRDWZR/bV3emEE/zU8=
golang.org/x/text v0.12.0 h1:k+n5B8goJNdU7hSvEtMUz3d1Q6D/XW4COJSJR6fN0mc=
golang.org/x/text v0.12.0/go.mod h1:TvPlkZtksWOMsz7fbANvkp4WM8x/WCo/om8BMLbz+aE=
gopkg.in/yaml.v3 v3.0.0-20210107192922-496545a6307b h1:h8qDotaEPuJATrMmW04NCwg7v22aHH28wwpauUhK9Oo=
